
Microsoft Visual Studio Solution File, Format Version 12.00
# Visual Studio Version 16
VisualStudioVersion = 16.0.30309.148
MinimumVisualStudioVersion = 10.0.40219.1
Project("{FAE04EC0-301F-11D3-BF4B-00C04F79EFBC}") = "iTextSharpBlazor", "iTextSharpBlazor\iTextSharpBlazor.csproj", "{B98B2E26-FFAF-4F82-BDB7-2D7605B9D99D}"
EndProject
Global
	GlobalSection(SolutionConfigurationPlatforms) = preSolution
		Debug|Any CPU = Debug|Any CPU
		Release|Any CPU = Release|Any CPU
	EndGlobalSection
	GlobalSection(ProjectConfigurationPlatforms) = postSolution
		{B98B2E26-FFAF-4F82-BDB7-2D7605B9D99D}.Debug|Any CPU.ActiveCfg = Debug|Any CPU
		{B98B2E26-FFAF-4F82-BDB7-2D7605B9D99D}.Debug|Any CPU.Build.0 = Debug|Any CPU
		{B98B2E26-FFAF-4F82-BDB7-2D7605B9D99D}.Release|Any CPU.ActiveCfg = Release|Any CPU
		{B98B2E26-FFAF-4F82-BDB7-2D7605B9D99D}.Release|Any CPU.Build.0 = Release|Any CPU
	EndGlobalSection
	GlobalSection(SolutionProperties) = preSolution
		HideSolutionNode = FALSE
	EndGlobalSection
	GlobalSection(ExtensibilityGlobals) = postSolution
		SolutionGuid = {8EDC210A-34EB-4580-BB97-4C98FC5250E1}
	EndGlobalSection
EndGlobal
